PODS:
  - Crashlytics (3.12.0):
    - Fabric (~> 1.9.0)
  - Fabric (1.9.0)
  - HotKey (0.1.1)

DEPENDENCIES:
  - Crashlytics
  - Fabric
  - HotKey

SPEC REPOS:
  https://github.com/cocoapods/specs.git:
    - Crashlytics
    - Fabric
    - HotKey

SPEC CHECKSUMS:
  Crashlytics: 07fb167b1694128c1c9a5a5cc319b0e9c3ca0933
  Fabric: f988e33c97f08930a413e08123064d2e5f68d655
  HotKey: 0be143fd015544a63c51be6dc2066dbf455ced72

PODFILE CHECKSUM: f85931a45be2513417e665f8f9baddc56fd3acf7

COCOAPODS: 1.5.3
